
Microsoft Visual Studio Solution File, Format Version 12.00
# Visual Studio Version 17
VisualStudioVersion = 17.11.35312.102
MinimumVisualStudioVersion = 10.0.40219.1
Project("{FAE04EC0-301F-11D3-BF4B-00C04F79EFBC}") = "SOA_CA2", "SOA_CA2.csproj", "{AD709820-D537-40F6-A434-5D3B33EA84BF}"
EndProject
Global
	GlobalSection(SolutionConfigurationPlatforms) = preSolution
		Debug|Any CPU = Debug|Any CPU
		Release|Any CPU = Release|Any CPU
	EndGlobalSection
	GlobalSection(ProjectConfigurationPlatforms) = postSolution
		{AD709820-D537-40F6-A434-5D3B33EA84BF}.Debug|Any CPU.ActiveCfg = Debug|Any CPU
		{AD709820-D537-40F6-A434-5D3B33EA84BF}.Debug|Any CPU.Build.0 = Debug|Any CPU
		{AD709820-D537-40F6-A434-5D3B33EA84BF}.Release|Any CPU.ActiveCfg = Release|Any CPU
		{AD709820-D537-40F6-A434-5D3B33EA84BF}.Release|Any CPU.Build.0 = Release|Any CPU
	EndGlobalSection
	GlobalSection(SolutionProperties) = preSolution
		HideSolutionNode = FALSE
	EndGlobalSection
	GlobalSection(ExtensibilityGlobals) = postSolution
		SolutionGuid = {CBBFD5A8-FB3D-4C92-84B3-0B3C9C28DE55}
	EndGlobalSection
EndGlobal
